// !$*UTF8*$!
{
	archiveVersion = 1;
	classes = {
	};
	objectVersion = 77;
	objects = {

/* Begin PBXBuildFile section */
		69515EE4166F955CF0B0ADEF /* Pods_FirebaseAuthSwiftUI.framework in Frameworks */ = {isa = PBXBuildFile; fileRef = F9158697D581056A1A49A64F /* Pods_FirebaseAuthSwiftUI.framework */; };
		B730A3ED2D07FC8B00580AA2 /* LoginAssets.xcassets in Resources */ = {isa = PBXBuildFile; fileRef = B730A3EC2D07FC8A00580AA2 /* LoginAssets.xcassets */; };
		B730A3EF2D07FDB700580AA2 /* LoginView.swift in Sources */ = {isa = PBXBuildFile; fileRef = B730A3EE2D07FDB700580AA2 /* LoginView.swift */; };
		B730A3F12D08089B00580AA2 /* InputView.swift in Sources */ = {isa = PBXBuildFile; fileRef = B730A3F02D08089B00580AA2 /* InputView.swift */; };
		B77665E92D0A987C00DDECC7 /* AccountDetailView.swift in Sources */ = {isa = PBXBuildFile; fileRef = B77665E82D0A987C00DDECC7 /* AccountDetailView.swift */; };
		B778F8BA2D099EBA0096AB49 /* CapsuleButtonStyle.swift in Sources */ = {isa = PBXBuildFile; fileRef = B778F8B92D099EBA0096AB49 /* CapsuleButtonStyle.swift */; };
		B7C4A7692D0E9BA400982226 /* UserAuthModel.swift in Sources */ = {isa = PBXBuildFile; fileRef = B7C4A7682D0E9BA400982226 /* UserAuthModel.swift */; };
		B7C4A76B2D0E9BFF00982226 /* GoogleAuthApp.swift in Sources */ = {isa = PBXBuildFile; fileRef = B7C4A76A2D0E9BFF00982226 /* GoogleAuthApp.swift */; };
		B7F199CD2D0C9864007B4982 /* User.swift in Sources */ = {isa = PBXBuildFile; fileRef = B7F199CC2D0C9864007B4982 /* User.swift */; };
		B7F199CF2D0C9EBA007B4982 /* AuthViewModel.swift in Sources */ = {isa = PBXBuildFile; fileRef = B7F199CE2D0C9EBA007B4982 /* AuthViewModel.swift */; };
/* End PBXBuildFile section */

/* Begin PBXFileReference section */
		2C9FEE5C9968231647E060D9 /* Pods-FirebaseAuthSwiftUI.debug.xcconfig */ = {isa = PBXFileReference; includeInIndex = 1; lastKnownFileType = text.xcconfig; name = "Pods-FirebaseAuthSwiftUI.debug.xcconfig"; path = "Target Support Files/Pods-FirebaseAuthSwiftUI/Pods-FirebaseAuthSwiftUI.debug.xcconfig"; sourceTree = "<group>"; };
		B730A3CC2D07FAD600580AA2 /* FirebaseAuthSwiftUI.app */ = {isa = PBXFileReference; explicitFileType = wrapper.application; includeInIndex = 0; path = FirebaseAuthSwiftUI.app; sourceTree = BUILT_PRODUCTS_DIR; };
		B730A3EC2D07FC8A00580AA2 /* LoginAssets.xcassets */ = {isa = PBXFileReference; lastKnownFileType = folder.assetcatalog; path = LoginAssets.xcassets; sourceTree = "<group>"; };
		B730A3EE2D07FDB700580AA2 /* LoginView.swift */ = {isa = PBXFileReference; lastKnownFileType = sourcecode.swift; path = LoginView.swift; sourceTree = "<group>"; };
		B730A3F02D08089B00580AA2 /* InputView.swift */ = {isa = PBXFileReference; lastKnownFileType = sourcecode.swift; path = InputView.swift; sourceTree = "<group>"; };
		B77665E82D0A987C00DDECC7 /* AccountDetailView.swift */ = {isa = PBXFileReference; lastKnownFileType = sourcecode.swift; path = AccountDetailView.swift; sourceTree = "<group>"; };
		B778F8B92D099EBA0096AB49 /* CapsuleButtonStyle.swift */ = {isa = PBXFileReference; lastKnownFileType = sourcecode.swift; path = CapsuleButtonStyle.swift; sourceTree = "<group>"; };
		B7C4A7682D0E9BA400982226 /* UserAuthModel.swift */ = {isa = PBXFileReference; lastKnownFileType = sourcecode.swift; path = UserAuthModel.swift; sourceTree = "<group>"; };
		B7C4A76A2D0E9BFF00982226 /* GoogleAuthApp.swift */ = {isa = PBXFileReference; lastKnownFileType = sourcecode.swift; path = GoogleAuthApp.swift; sourceTree = "<group>"; };
		B7F199CC2D0C9864007B4982 /* User.swift */ = {isa = PBXFileReference; lastKnownFileType = sourcecode.swift; path = User.swift; sourceTree = "<group>"; };
		B7F199CE2D0C9EBA007B4982 /* AuthViewModel.swift */ = {isa = PBXFileReference; lastKnownFileType = sourcecode.swift; path = AuthViewModel.swift; sourceTree = "<group>"; };
		C9A40C5FB01CDB322D37B0F4 /* Pods-FirebaseAuthSwiftUI.release.xcconfig */ = {isa = PBXFileReference; includeInIndex = 1; lastKnownFileType = text.xcconfig; name = "Pods-FirebaseAuthSwiftUI.release.xcconfig"; path = "Target Support Files/Pods-FirebaseAuthSwiftUI/Pods-FirebaseAuthSwiftUI.release.xcconfig"; sourceTree = "<group>"; };
		F9158697D581056A1A49A64F /* Pods_FirebaseAuthSwiftUI.framework */ = {isa = PBXFileReference; explicitFileType = wrapper.framework; includeInIndex = 0; path = Pods_FirebaseAuthSwiftUI.framework; sourceTree = BUILT_PRODUCTS_DIR; };
/* End PBXFileReference section */

/* Begin PBXFileSystemSynchronizedBuildFileExceptionSet section */
		B7C4A7572D0E9A2700982226 /* Exceptions for "FirebaseAuthSwiftUI" folder in "FirebaseAuthSwiftUI" target */ = {
			isa = PBXFileSystemSynchronizedBuildFileExceptionSet;
			membershipExceptions = (
				Info.plist,
			);
			target = B730A3CB2D07FAD600580AA2 /* FirebaseAuthSwiftUI */;
		};
/* End PBXFileSystemSynchronizedBuildFileExceptionSet section */

/* Begin PBXFileSystemSynchronizedRootGroup section */
		B730A3CE2D07FAD600580AA2 /* FirebaseAuthSwiftUI */ = {
			isa = PBXFileSystemSynchronizedRootGroup;
			exceptions = (
				B7C4A7572D0E9A2700982226 /* Exceptions for "FirebaseAuthSwiftUI" folder in "FirebaseAuthSwiftUI" target */,
			);
			path = FirebaseAuthSwiftUI;
			sourceTree = "<group>";
		};
/* End PBXFileSystemSynchronizedRootGroup section */

/* Begin PBXFrameworksBuildPhase section */
		B730A3C92D07FAD600580AA2 /* Frameworks */ = {
			isa = PBXFrameworksBuildPhase;
			buildActionMask = 2147483647;
			files = (
				69515EE4166F955CF0B0ADEF /* Pods_FirebaseAuthSwiftUI.framework in Frameworks */,
			);
			runOnlyForDeploymentPostprocessing = 0;
		};
/* End PBXFrameworksBuildPhase section */

/* Begin PBXGroup section */
		110048ECDAFCDC8129A3717C /* Frameworks */ = {
			isa = PBXGroup;
			children = (
				F9158697D581056A1A49A64F /* Pods_FirebaseAuthSwiftUI.framework */,
			);
			name = Frameworks;
			sourceTree = "<group>";
		};
		1B47280D5D4F5B391E12EB7D /* Pods */ = {
			isa = PBXGroup;
			children = (
				2C9FEE5C9968231647E060D9 /* Pods-FirebaseAuthSwiftUI.debug.xcconfig */,
				C9A40C5FB01CDB322D37B0F4 /* Pods-FirebaseAuthSwiftUI.release.xcconfig */,
			);
			path = Pods;
			sourceTree = "<group>";
		};
		B730A3C32D07FAD600580AA2 = {
			isa = PBXGroup;
			children = (
				B730A3CE2D07FAD600580AA2 /* FirebaseAuthSwiftUI */,
				B730A3E02D07FB8200580AA2 /* Screens */,
				B730A3CD2D07FAD600580AA2 /* Products */,
				1B47280D5D4F5B391E12EB7D /* Pods */,
				110048ECDAFCDC8129A3717C /* Frameworks */,
			);
			sourceTree = "<group>";
		};
		B730A3CD2D07FAD600580AA2 /* Products */ = {
			isa = PBXGroup;
			children = (
				B730A3CC2D07FAD600580AA2 /* FirebaseAuthSwiftUI.app */,
			);
			name = Products;
			sourceTree = "<group>";
		};
		B730A3E02D07FB8200580AA2 /* Screens */ = {
			isa = PBXGroup;
			children = (
				B730A3E12D07FB9200580AA2 /* Auth */,
			);
			path = Screens;
			sourceTree = "<group>";
		};
		B730A3E12D07FB9200580AA2 /* Auth */ = {
			isa = PBXGroup;
			children = (
				B730A3EB2D07FC2500580AA2 /* Resource */,
				B730A3E72D07FBE000580AA2 /* Views */,
				B730A3E62D07FBCD00580AA2 /* ViewModels */,
				B730A3E52D07FBA400580AA2 /* Models */,
			);
			path = Auth;
			sourceTree = "<group>";
		};
		B730A3E52D07FBA400580AA2 /* Models */ = {
			isa = PBXGroup;
			children = (
				B7F199CC2D0C9864007B4982 /* User.swift */,
			);
			path = Models;
			sourceTree = "<group>";
		};
		B730A3E62D07FBCD00580AA2 /* ViewModels */ = {
			isa = PBXGroup;
			children = (
				B7F199CE2D0C9EBA007B4982 /* AuthViewModel.swift */,
				B7C4A7682D0E9BA400982226 /* UserAuthModel.swift */,
			);
			path = ViewModels;
			sourceTree = "<group>";
		};
		B730A3E72D07FBE000580AA2 /* Views */ = {
			isa = PBXGroup;
			children = (
				B730A3EE2D07FDB700580AA2 /* LoginView.swift */,
				B730A3F02D08089B00580AA2 /* InputView.swift */,
				B778F8B92D099EBA0096AB49 /* CapsuleButtonStyle.swift */,
				B77665E82D0A987C00DDECC7 /* AccountDetailView.swift */,
				B7C4A76A2D0E9BFF00982226 /* GoogleAuthApp.swift */,
			);
			path = Views;
			sourceTree = "<group>";
		};
		B730A3EB2D07FC2500580AA2 /* Resource */ = {
			isa = PBXGroup;
			children = (
				B730A3EC2D07FC8A00580AA2 /* LoginAssets.xcassets */,
			);
			path = Resource;
			sourceTree = "<group>";
		};
/* End PBXGroup section */

/* Begin PBXNativeTarget section */
		B730A3CB2D07FAD600580AA2 /* FirebaseAuthSwiftUI */ = {
			isa = PBXNativeTarget;
			buildConfigurationList = B730A3DA2D07FADB00580AA2 /* Build configuration list for PBXNativeTarget "FirebaseAuthSwiftUI" */;
			buildPhases = (
				BE5DF4F96411B3B9344DDAB0 /* [CP] Check Pods Manifest.lock */,
				B730A3C82D07FAD600580AA2 /* Sources */,
				B730A3C92D07FAD600580AA2 /* Frameworks */,
				B730A3CA2D07FAD600580AA2 /* Resources */,
				3972285E063DF0C12131CE66 /* [CP] Embed Pods Frameworks */,
			);
			buildRules = (
			);
			dependencies = (
			);
			fileSystemSynchronizedGroups = (
				B730A3CE2D07FAD600580AA2 /* FirebaseAuthSwiftUI */,
			);
			name = FirebaseAuthSwiftUI;
			productName = FirebaseAuthSwiftUI;
			productReference = B730A3CC2D07FAD600580AA2 /* FirebaseAuthSwiftUI.app */;
			productType = "com.apple.product-type.application";
		};
/* End PBXNativeTarget section */

/* Begin PBXProject section */
		B730A3C42D07FAD600580AA2 /* Project object */ = {
			isa = PBXProject;
			attributes = {
				BuildIndependentTargetsInParallel = 1;
				LastSwiftUpdateCheck = 1610;
				LastUpgradeCheck = 1610;
				TargetAttributes = {
					B730A3CB2D07FAD600580AA2 = {
						CreatedOnToolsVersion = 16.1;
					};
				};
			};
			buildConfigurationList = B730A3C72D07FAD600580AA2 /* Build configuration list for PBXProject "FirebaseAuthSwiftUI" */;
			developmentRegion = en;
			hasScannedForEncodings = 0;
			knownRegions = (
				en,
				Base,
			);
			mainGroup = B730A3C32D07FAD600580AA2;
			minimizedProjectReferenceProxies = 1;
			preferredProjectObjectVersion = 77;
			productRefGroup = B730A3CD2D07FAD600580AA2 /* Products */;
			projectDirPath = "";
			projectRoot = "";
			targets = (
				B730A3CB2D07FAD600580AA2 /* FirebaseAuthSwiftUI */,
			);
		};
/* End PBXProject section */

/* Begin PBXResourcesBuildPhase section */
		B730A3CA2D07FAD600580AA2 /* Resources */ = {
			isa = PBXResourcesBuildPhase;
			buildActionMask = 2147483647;
			files = (
				B730A3ED2D07FC8B00580AA2 /* LoginAssets.xcassets in Resources */,
			);
			runOnlyForDeploymentPostprocessing = 0;
		};
/* End PBXResourcesBuildPhase section */

/* Begin PBXShellScriptBuildPhase section */
		3972285E063DF0C12131CE66 /* [CP] Embed Pods Frameworks */ = {
			isa = PBXShellScriptBuildPhase;
			buildActionMask = 2147483647;
			files = (
			);
			inputFileListPaths = (
				"${PODS_ROOT}/Target Support Files/Pods-FirebaseAuthSwiftUI/Pods-FirebaseAuthSwiftUI-frameworks-${CONFIGURATION}-input-files.xcfilelist",
			);
			name = "[CP] Embed Pods Frameworks";
			outputFileListPaths = (
				"${PODS_ROOT}/Target Support Files/Pods-FirebaseAuthSwiftUI/Pods-FirebaseAuthSwiftUI-frameworks-${CONFIGURATION}-output-files.xcfilelist",
			);
			runOnlyForDeploymentPostprocessing = 0;
			shellPath = /bin/sh;
			shellScript = "\"${PODS_ROOT}/Target Support Files/Pods-FirebaseAuthSwiftUI/Pods-FirebaseAuthSwiftUI-frameworks.sh\"\n";
			showEnvVarsInLog = 0;
		};
		BE5DF4F96411B3B9344DDAB0 /* [CP] Check Pods Manifest.lock */ = {
			isa = PBXShellScriptBuildPhase;
			buildActionMask = 2147483647;
			files = (
			);
			inputFileListPaths = (
			);
			inputPaths = (
				"${PODS_PODFILE_DIR_PATH}/Podfile.lock",
				"${PODS_ROOT}/Manifest.lock",
			);
			name = "[CP] Check Pods Manifest.lock";
			outputFileListPaths = (
			);
			outputPaths = (
				"$(DERIVED_FILE_DIR)/Pods-FirebaseAuthSwiftUI-checkManifestLockResult.txt",
			);
			runOnlyForDeploymentPostprocessing = 0;
			shellPath = /bin/sh;
			shellScript = "diff \"${PODS_PODFILE_DIR_PATH}/Podfile.lock\" \"${PODS_ROOT}/Manifest.lock\" > /dev/null\nif [ $? != 0 ] ; then\n    # print error to STDERR\n    echo \"error: The sandbox is not in sync with the Podfile.lock. Run 'pod install' or update your CocoaPods installation.\" >&2\n    exit 1\nfi\n# This output is used by Xcode 'outputs' to avoid re-running this script phase.\necho \"SUCCESS\" > \"${SCRIPT_OUTPUT_FILE_0}\"\n";
			showEnvVarsInLog = 0;
		};
/* End PBXShellScriptBuildPhase section */

/* Begin PBXSourcesBuildPhase section */
		B730A3C82D07FAD600580AA2 /* Sources */ = {
			isa = PBXSourcesBuildPhase;
			buildActionMask = 2147483647;
			files = (
				B778F8BA2D099EBA0096AB49 /* CapsuleButtonStyle.swift in Sources */,
				B77665E92D0A987C00DDECC7 /* AccountDetailView.swift in Sources */,
				B7C4A76B2D0E9BFF00982226 /* GoogleAuthApp.swift in Sources */,
				B7C4A7692D0E9BA400982226 /* UserAuthModel.swift in Sources */,
				B730A3EF2D07FDB700580AA2 /* LoginView.swift in Sources */,
				B7F199CF2D0C9EBA007B4982 /* AuthViewModel.swift in Sources */,
				B730A3F12D08089B00580AA2 /* InputView.swift in Sources */,
				B7F199CD2D0C9864007B4982 /* User.swift in Sources */,
			);
			runOnlyForDeploymentPostprocessing = 0;
		};
/* End PBXSourcesBuildPhase section */

/* Begin XCBuildConfiguration section */
		B730A3D82D07FADB00580AA2 /* Debug */ = {
			isa = XCBuildConfiguration;
			buildSettings = {
				ALWAYS_SEARCH_USER_PATHS = NO;
				ASSETCATALOG_COMPILER_GENERATE_SWIFT_ASSET_SYMBOL_EXTENSIONS = YES;
				CLANG_ANALYZER_NONNULL = YES;
				CLANG_ANALYZER_NUMBER_OBJECT_CONVERSION = YES_AGGRESSIVE;
				CLANG_CXX_LANGUAGE_STANDARD = "gnu++20";
				CLANG_ENABLE_MODULES = YES;
				CLANG_ENABLE_OBJC_ARC = YES;
				CLANG_ENABLE_OBJC_WEAK = YES;
				CLANG_WARN_BLOCK_CAPTURE_AUTORELEASING = YES;
				CLANG_WARN_BOOL_CONVERSION = YES;
				CLANG_WARN_COMMA = YES;
				CLANG_WARN_CONSTANT_CONVERSION = YES;
				CLANG_WARN_DEPRECATED_OBJC_IMPLEMENTATIONS = YES;
				CLANG_WARN_DIRECT_OBJC_ISA_USAGE = YES_ERROR;
				CLANG_WARN_DOCUMENTATION_COMMENTS = YES;
				CLANG_WARN_EMPTY_BODY = YES;
				CLANG_WARN_ENUM_CONVERSION = YES;
				CLANG_WARN_INFINITE_RECURSION = YES;
				CLANG_WARN_INT_CONVERSION = YES;
				CLANG_WARN_NON_LITERAL_NULL_CONVERSION = YES;
				CLANG_WARN_OBJC_IMPLICIT_RETAIN_SELF = YES;
				CLANG_WARN_OBJC_LITERAL_CONVERSION = YES;
				CLANG_WARN_OBJC_ROOT_CLASS = YES_ERROR;
				CLANG_WARN_QUOTED_INCLUDE_IN_FRAMEWORK_HEADER = YES;
				CLANG_WARN_RANGE_LOOP_ANALYSIS = YES;
				CLANG_WARN_STRICT_PROTOTYPES = YES;
				CLANG_WARN_SUSPICIOUS_MOVE = YES;
				CLANG_WARN_UNGUARDED_AVAILABILITY = YES_AGGRESSIVE;
				CLANG_WARN_UNREACHABLE_CODE = YES;
				CLANG_WARN__DUPLICATE_METHOD_MATCH = YES;
				COPY_PHASE_STRIP = NO;
				DEBUG_INFORMATION_FORMAT = dwarf;
				ENABLE_STRICT_OBJC_MSGSEND = YES;
				ENABLE_TESTABILITY = YES;
				ENABLE_USER_SCRIPT_SANDBOXING = YES;
				GCC_C_LANGUAGE_STANDARD = gnu17;
				GCC_DYNAMIC_NO_PIC = NO;
				GCC_NO_COMMON_BLOCKS = YES;
				GCC_OPTIMIZATION_LEVEL = 0;
				GCC_PREPROCESSOR_DEFINITIONS = (
					"DEBUG=1",
					"$(inherited)",
				);
				GCC_WARN_64_TO_32_BIT_CONVERSION = YES;
				GCC_WARN_ABOUT_RETURN_TYPE = YES_ERROR;
				GCC_WARN_UNDECLARED_SELECTOR = YES;
				GCC_WARN_UNINITIALIZED_AUTOS = YES_AGGRESSIVE;
				GCC_WARN_UNUSED_FUNCTION = YES;
				GCC_WARN_UNUSED_VARIABLE = YES;
				IPHONEOS_DEPLOYMENT_TARGET = 18.1;
				LOCALIZATION_PREFERS_STRING_CATALOGS = YES;
				MTL_ENABLE_DEBUG_INFO = INCLUDE_SOURCE;
				MTL_FAST_MATH = YES;
				ONLY_ACTIVE_ARCH = YES;
				SDKROOT = iphoneos;
				SWIFT_ACTIVE_COMPILATION_CONDITIONS = "DEBUG $(inherited)";
				SWIFT_OPTIMIZATION_LEVEL = "-Onone";
			};
			name = Debug;
		};
		B730A3D92D07FADB00580AA2 /* Release */ = {
			isa = XCBuildConfiguration;
			buildSettings = {
				ALWAYS_SEARCH_USER_PATHS = NO;
				ASSETCATALOG_COMPILER_GENERATE_SWIFT_ASSET_SYMBOL_EXTENSIONS = YES;
				CLANG_ANALYZER_NONNULL = YES;
				CLANG_ANALYZER_NUMBER_OBJECT_CONVERSION = YES_AGGRESSIVE;
				CLANG_CXX_LANGUAGE_STANDARD = "gnu++20";
				CLANG_ENABLE_MODULES = YES;
				CLANG_ENABLE_OBJC_ARC = YES;
				CLANG_ENABLE_OBJC_WEAK = YES;
				CLANG_WARN_BLOCK_CAPTURE_AUTORELEASING = YES;
				CLANG_WARN_BOOL_CONVERSION = YES;
				CLANG_WARN_COMMA = YES;
				CLANG_WARN_CONSTANT_CONVERSION = YES;
				CLANG_WARN_DEPRECATED_OBJC_IMPLEMENTATIONS = YES;
				CLANG_WARN_DIRECT_OBJC_ISA_USAGE = YES_ERROR;
				CLANG_WARN_DOCUMENTATION_COMMENTS = YES;
				CLANG_WARN_EMPTY_BODY = YES;
				CLANG_WARN_ENUM_CONVERSION = YES;
				CLANG_WARN_INFINITE_RECURSION = YES;
				CLANG_WARN_INT_CONVERSION = YES;
				CLANG_WARN_NON_LITERAL_NULL_CONVERSION = YES;
				CLANG_WARN_OBJC_IMPLICIT_RETAIN_SELF = YES;
				CLANG_WARN_OBJC_LITERAL_CONVERSION = YES;
				CLANG_WARN_OBJC_ROOT_CLASS = YES_ERROR;
				CLANG_WARN_QUOTED_INCLUDE_IN_FRAMEWORK_HEADER = YES;
				CLANG_WARN_RANGE_LOOP_ANALYSIS = YES;
				CLANG_WARN_STRICT_PROTOTYPES = YES;
				CLANG_WARN_SUSPICIOUS_MOVE = YES;
				CLANG_WARN_UNGUARDED_AVAILABILITY = YES_AGGRESSIVE;
				CLANG_WARN_UNREACHABLE_CODE = YES;
				CLANG_WARN__DUPLICATE_METHOD_MATCH = YES;
				COPY_PHASE_STRIP = NO;
				DEBUG_INFORMATION_FORMAT = "dwarf-with-dsym";
				ENABLE_NS_ASSERTIONS = NO;
				ENABLE_STRICT_OBJC_MSGSEND = YES;
				ENABLE_USER_SCRIPT_SANDBOXING = YES;
				GCC_C_LANGUAGE_STANDARD = gnu17;
				GCC_NO_COMMON_BLOCKS = YES;
				GCC_WARN_64_TO_32_BIT_CONVERSION = YES;
				GCC_WARN_ABOUT_RETURN_TYPE = YES_ERROR;
				GCC_WARN_UNDECLARED_SELECTOR = YES;
				GCC_WARN_UNINITIALIZED_AUTOS = YES_AGGRESSIVE;
				GCC_WARN_UNUSED_FUNCTION = YES;
				GCC_WARN_UNUSED_VARIABLE = YES;
				IPHONEOS_DEPLOYMENT_TARGET = 18.1;
				LOCALIZATION_PREFERS_STRING_CATALOGS = YES;
				MTL_ENABLE_DEBUG_INFO = NO;
				MTL_FAST_MATH = YES;
				SDKROOT = iphoneos;
				SWIFT_COMPILATION_MODE = wholemodule;
				VALIDATE_PRODUCT = YES;
			};
			name = Release;
		};
		B730A3DB2D07FADB00580AA2 /* Debug */ = {
			isa = XCBuildConfiguration;
			baseConfigurationReference = 2C9FEE5C9968231647E060D9 /* Pods-FirebaseAuthSwiftUI.debug.xcconfig */;
			buildSettings = {
				ASSETCATALOG_COMPILER_APPICON_NAME = AppIcon;
				ASSETCATALOG_COMPILER_GLOBAL_ACCENT_COLOR_NAME = AccentColor;
				CODE_SIGN_STYLE = Automatic;
				CURRENT_PROJECT_VERSION = 1;
				DEVELOPMENT_ASSET_PATHS = "\"FirebaseAuthSwiftUI/Preview Content\"";
				ENABLE_PREVIEWS = YES;
				ENABLE_USER_SCRIPT_SANDBOXING = NO;
				GENERATE_INFOPLIST_FILE = YES;
				INFOPLIST_FILE = FirebaseAuthSwiftUI/Info.plist;
				INFOPLIST_KEY_UIApplicationSceneManifest_Generation = YES;
				INFOPLIST_KEY_UIApplicationSupportsIndirectInputEvents = YES;
				INFOPLIST_KEY_UILaunchScreen_Generation = YES;
				INFOPLIST_KEY_UISupportedInterfaceOrientations_iPad = "UIInterfaceOrientationPortrait UIInterfaceOrientationPortraitUpsideDown UIInterfaceOrientationLandscapeLeft UIInterfaceOrientationLandscapeRight";
				INFOPLIST_KEY_UISupportedInterfaceOrientations_iPhone = "UIInterfaceOrientationPortrait UIInterfaceOrientationLandscapeLeft UIInterfaceOrientationLandscapeRight";
				LD_RUNPATH_SEARCH_PATHS = (
					"$(inherited)",
					"@executable_path/Frameworks",
				);
				MARKETING_VERSION = 1.0;
				PRODUCT_BUNDLE_IDENTIFIER = com.ajay.FirebaseAuthSwiftUI;
				PRODUCT_NAME = "$(TARGET_NAME)";
				SWIFT_EMIT_LOC_STRINGS = YES;
				SWIFT_VERSION = 5.0;
				TARGETED_DEVICE_FAMILY = "1,2";
			};
			name = Debug;
		};
		B730A3DC2D07FADB00580AA2 /* Release */ = {
			isa = XCBuildConfiguration;
			baseConfigurationReference = C9A40C5FB01CDB322D37B0F4 /* Pods-FirebaseAuthSwiftUI.release.xcconfig */;
			buildSettings = {
				ASSETCATALOG_COMPILER_APPICON_NAME = AppIcon;
				ASSETCATALOG_COMPILER_GLOBAL_ACCENT_COLOR_NAME = AccentColor;
				CODE_SIGN_STYLE = Automatic;
				CURRENT_PROJECT_VERSION = 1;
				DEVELOPMENT_ASSET_PATHS = "\"FirebaseAuthSwiftUI/Preview Content\"";
				ENABLE_PREVIEWS = YES;
				ENABLE_USER_SCRIPT_SANDBOXING = NO;
				GENERATE_INFOPLIST_FILE = YES;
				INFOPLIST_FILE = FirebaseAuthSwiftUI/Info.plist;
				INFOPLIST_KEY_UIApplicationSceneManifest_Generation = YES;
				INFOPLIST_KEY_UIApplicationSupportsIndirectInputEvents = YES;
				INFOPLIST_KEY_UILaunchScreen_Generation = YES;
				INFOPLIST_KEY_UISupportedInterfaceOrientations_iPad = "UIInterfaceOrientationPortrait UIInterfaceOrientationPortraitUpsideDown UIInterfaceOrientationLandscapeLeft UIInterfaceOrientationLandscapeRight";
				INFOPLIST_KEY_UISupportedInterfaceOrientations_iPhone = "UIInterfaceOrientationPortrait UIInterfaceOrientationLandscapeLeft UIInterfaceOrientationLandscapeRight";
				LD_RUNPATH_SEARCH_PATHS = (
					"$(inherited)",
					"@executable_path/Frameworks",
				);
				MARKETING_VERSION = 1.0;
				PRODUCT_BUNDLE_IDENTIFIER = com.ajay.FirebaseAuthSwiftUI;
				PRODUCT_NAME = "$(TARGET_NAME)";
				SWIFT_EMIT_LOC_STRINGS = YES;
				SWIFT_VERSION = 5.0;
				TARGETED_DEVICE_FAMILY = "1,2";
			};
			name = Release;
		};
/* End XCBuildConfiguration section */

/* Begin XCConfigurationList section */
		B730A3C72D07FAD600580AA2 /* Build configuration list for PBXProject "FirebaseAuthSwiftUI" */ = {
			isa = XCConfigurationList;
			buildConfigurations = (
				B730A3D82D07FADB00580AA2 /* Debug */,
				B730A3D92D07FADB00580AA2 /* Release */,
			);
			defaultConfigurationIsVisible = 0;
			defaultConfigurationName = Release;
		};
		B730A3DA2D07FADB00580AA2 /* Build configuration list for PBXNativeTarget "FirebaseAuthSwiftUI" */ = {
			isa = XCConfigurationList;
			buildConfigurations = (
				B730A3DB2D07FADB00580AA2 /* Debug */,
				B730A3DC2D07FADB00580AA2 /* Release */,
			);
			defaultConfigurationIsVisible = 0;
			defaultConfigurationName = Release;
		};
/* End XCConfigurationList section */
	};
	rootObject = B730A3C42D07FAD600580AA2 /* Project object */;
}
